
Microsoft Visual Studio Solution File, Format Version 12.00
# Visual Studio 15
VisualStudioVersion = 15.0.27428.2015
MinimumVisualStudioVersion = 10.0.40219.1
Project("{FAE04EC0-301F-11D3-BF4B-00C04F79EFBC}") = "CalcMeToo", "CalcMeToo\CalcMeToo.csproj", "{A61B878C-3136-4AAE-B5A4-2689A3746150}"
EndProject
Project("{FAE04EC0-301F-11D3-BF4B-00C04F79EFBC}") = "Entities", "Entities\Entities.csproj", "{5F660209-F4E6-4E36-875E-CA6A825ED104}"
EndProject
Global
	GlobalSection(SolutionConfigurationPlatforms) = preSolution
		Debug|Any CPU = Debug|Any CPU
		Release|Any CPU = Release|Any CPU
	EndGlobalSection
	GlobalSection(ProjectConfigurationPlatforms) = postSolution
		{A61B878C-3136-4AAE-B5A4-2689A3746150}.Debug|Any CPU.ActiveCfg = Debug|Any CPU
		{A61B878C-3136-4AAE-B5A4-2689A3746150}.Debug|Any CPU.Build.0 = Debug|Any CPU
		{A61B878C-3136-4AAE-B5A4-2689A3746150}.Release|Any CPU.ActiveCfg = Release|Any CPU
		{A61B878C-3136-4AAE-B5A4-2689A3746150}.Release|Any CPU.Build.0 = Release|Any CPU
		{5F660209-F4E6-4E36-875E-CA6A825ED104}.Debug|Any CPU.ActiveCfg = Debug|Any CPU
		{5F660209-F4E6-4E36-875E-CA6A825ED104}.Debug|Any CPU.Build.0 = Debug|Any CPU
		{5F660209-F4E6-4E36-875E-CA6A825ED104}.Release|Any CPU.ActiveCfg = Release|Any CPU
		{5F660209-F4E6-4E36-875E-CA6A825ED104}.Release|Any CPU.Build.0 = Release|Any CPU
	EndGlobalSection
	GlobalSection(SolutionProperties) = preSolution
		HideSolutionNode = FALSE
	EndGlobalSection
	GlobalSection(ExtensibilityGlobals) = postSolution
		SolutionGuid = {1CBE64C3-DF2A-4211-B9F7-157E317ADECF}
	EndGlobalSection
EndGlobal
